
Microsoft Visual Studio Solution File, Format Version 12.00
# Visual Studio Version 16
VisualStudioVersion = 16.0.32413.511
MinimumVisualStudioVersion = 10.0.40219.1
Project("{FAE04EC0-301F-11D3-BF4B-00C04F79EFBC}") = "Jobcity.Chat.Mvc", "Jobcity.Chat.Mvc.csproj", "{F61DB05D-AE38-4B5E-AC93-ED8325EE4202}"
EndProject
Project("{FAE04EC0-301F-11D3-BF4B-00C04F79EFBC}") = "Jobcity.Chat.Tests", "..\Jobcity.Chat.Tests\Jobcity.Chat.Tests.csproj", "{6613E5FA-A59C-4881-8A73-BC157E09DE42}"
EndProject
Project("{2150E333-8FDC-42A3-9474-1A3956D46DE8}") = "1. Web", "1. Web", "{F89E7607-40BB-4ADD-A4C8-E7355844977B}"
EndProject
Project("{2150E333-8FDC-42A3-9474-1A3956D46DE8}") = "2. API", "2. API", "{D2ECF5A0-03AD-4F5F-A7D1-8207FC4A660B}"
EndProject
Project("{2150E333-8FDC-42A3-9474-1A3956D46DE8}") = "3. Application", "3. Application", "{2FE3E875-8084-4D85-8E14-815F54C6DE0E}"
EndProject
Project("{2150E333-8FDC-42A3-9474-1A3956D46DE8}") = "4. Infrastructure", "4. Infrastructure", "{80A409BB-40FD-4B8C-9C09-D6590027D28E}"
EndProject
Project("{2150E333-8FDC-42A3-9474-1A3956D46DE8}") = "5. Domain", "5. Domain", "{0F7E4BC7-A33F-409F-890D-686B29114761}"
EndProject
Project("{2150E333-8FDC-42A3-9474-1A3956D46DE8}") = "6. Test", "6. Test", "{6BDF34CA-2414-44CE-955B-64A954BBFEDE}"
EndProject
Project("{FAE04EC0-301F-11D3-BF4B-00C04F79EFBC}") = "Jobcity.Chat.ApplicationLayer", "..\Jobcity.Chat.ApplicationLayer\Jobcity.Chat.ApplicationLayer.csproj", "{99088FAD-5A78-48BA-892D-FF703B5F5EEE}"
EndProject
Project("{FAE04EC0-301F-11D3-BF4B-00C04F79EFBC}") = "Jobcity.Chat.InfraLayer", "..\Jobcity.Chat.InfraLayer\Jobcity.Chat.InfraLayer.csproj", "{91DAF26F-1114-4D57-AE10-7655D6A6877B}"
EndProject
Project("{FAE04EC0-301F-11D3-BF4B-00C04F79EFBC}") = "Jobcity.Chat.Domain", "..\Jobcity.Chat.Domain\Jobcity.Chat.Domain.csproj", "{1E6CBCBA-352B-47C4-BD2C-F3B55AD50214}"
EndProject
Global
	GlobalSection(SolutionConfigurationPlatforms) = preSolution
		Debug|Any CPU = Debug|Any CPU
		Release|Any CPU = Release|Any CPU
	EndGlobalSection
	GlobalSection(ProjectConfigurationPlatforms) = postSolution
		{F61DB05D-AE38-4B5E-AC93-ED8325EE4202}.Debug|Any CPU.ActiveCfg = Debug|Any CPU
		{F61DB05D-AE38-4B5E-AC93-ED8325EE4202}.Debug|Any CPU.Build.0 = Debug|Any CPU
		{F61DB05D-AE38-4B5E-AC93-ED8325EE4202}.Release|Any CPU.ActiveCfg = Release|Any CPU
		{F61DB05D-AE38-4B5E-AC93-ED8325EE4202}.Release|Any CPU.Build.0 = Release|Any CPU
		{6613E5FA-A59C-4881-8A73-BC157E09DE42}.Debug|Any CPU.ActiveCfg = Debug|Any CPU
		{6613E5FA-A59C-4881-8A73-BC157E09DE42}.Debug|Any CPU.Build.0 = Debug|Any CPU
		{6613E5FA-A59C-4881-8A73-BC157E09DE42}.Release|Any CPU.ActiveCfg = Release|Any CPU
		{6613E5FA-A59C-4881-8A73-BC157E09DE42}.Release|Any CPU.Build.0 = Release|Any CPU
		{99088FAD-5A78-48BA-892D-FF703B5F5EEE}.Debug|Any CPU.ActiveCfg = Debug|Any CPU
		{99088FAD-5A78-48BA-892D-FF703B5F5EEE}.Debug|Any CPU.Build.0 = Debug|Any CPU
		{99088FAD-5A78-48BA-892D-FF703B5F5EEE}.Release|Any CPU.ActiveCfg = Release|Any CPU
		{99088FAD-5A78-48BA-892D-FF703B5F5EEE}.Release|Any CPU.Build.0 = Release|Any CPU
		{91DAF26F-1114-4D57-AE10-7655D6A6877B}.Debug|Any CPU.ActiveCfg = Debug|Any CPU
		{91DAF26F-1114-4D57-AE10-7655D6A6877B}.Debug|Any CPU.Build.0 = Debug|Any CPU
		{91DAF26F-1114-4D57-AE10-7655D6A6877B}.Release|Any CPU.ActiveCfg = Release|Any CPU
		{91DAF26F-1114-4D57-AE10-7655D6A6877B}.Release|Any CPU.Build.0 = Release|Any CPU
		{1E6CBCBA-352B-47C4-BD2C-F3B55AD50214}.Debug|Any CPU.ActiveCfg = Debug|Any CPU
		{1E6CBCBA-352B-47C4-BD2C-F3B55AD50214}.Debug|Any CPU.Build.0 = Debug|Any CPU
		{1E6CBCBA-352B-47C4-BD2C-F3B55AD50214}.Release|Any CPU.ActiveCfg = Release|Any CPU
		{1E6CBCBA-352B-47C4-BD2C-F3B55AD50214}.Release|Any CPU.Build.0 = Release|Any CPU
	EndGlobalSection
	GlobalSection(SolutionProperties) = preSolution
		HideSolutionNode = FALSE
	EndGlobalSection
	GlobalSection(NestedProjects) = preSolution
		{F61DB05D-AE38-4B5E-AC93-ED8325EE4202} = {F89E7607-40BB-4ADD-A4C8-E7355844977B}
		{6613E5FA-A59C-4881-8A73-BC157E09DE42} = {6BDF34CA-2414-44CE-955B-64A954BBFEDE}
		{99088FAD-5A78-48BA-892D-FF703B5F5EEE} = {2FE3E875-8084-4D85-8E14-815F54C6DE0E}
		{91DAF26F-1114-4D57-AE10-7655D6A6877B} = {80A409BB-40FD-4B8C-9C09-D6590027D28E}
		{1E6CBCBA-352B-47C4-BD2C-F3B55AD50214} = {0F7E4BC7-A33F-409F-890D-686B29114761}
	EndGlobalSection
	GlobalSection(ExtensibilityGlobals) = postSolution
		SolutionGuid = {5E142BA2-8526-4ADD-90D3-B54755E6A56A}
	EndGlobalSection
EndGlobal
